schema: '2.0'
stages:
  combine_data:
    cmd: poetry run python comp_ds_prj/data/combine_data.py ./data/raw/car_train.csv
      ./data/raw/rides_info.csv -o ./data/interim/raw_dataset.csv
    deps:
    - path: ./comp_ds_prj/data/combine_data.py
      hash: md5
      md5: 8ed7b0350cae15416775d387d562e84b
      size: 3999
    - path: data/raw/car_train.csv
      hash: md5
      md5: 2e8105bb141770763522c5c92c3ddb4c
      size: 183405
    - path: data/raw/driver_info.csv
      hash: md5
      md5: 611af5ab35a99f95cebe190aec8cde19
      size: 583419
    - path: data/raw/fix_info.csv
      hash: md5
      md5: 5e67891e17909e561d863c6a8b037665
      size: 6568688
    - path: data/raw/rides_info.csv
      hash: md5
      md5: 887431f089fe3d791e92d817a46bf573
      size: 81586278
    outs:
    - path: data/interim/raw_dataset.csv
      hash: md5
      md5: 82e977645e01745affeec5c1a5ff5b67
      size: 379270
  prepare_features:
    cmd: poetry run python comp_ds_prj/features/build_features.py -i data/interim/raw_dataset.csv
      -o data/processed/train.csv
    deps:
    - path: ./comp_ds_prj/features/build_features.py
      hash: md5
      md5: 7d9f6996abe2c883740ed65bd75c1d21
      size: 2209
    - path: data/interim/raw_dataset.csv
      hash: md5
      md5: 82e977645e01745affeec5c1a5ff5b67
      size: 379270
    outs:
    - path: data/processed/train.csv
      hash: md5
      md5: a8850d8461a0128833a8bb515c2639cf
      size: 352854
  train_model:
    cmd: poetry run python comp_ds_prj/models/model_catboost.py -i ./data/processed/train.csv
      -o ./models/catboost.joblib
    deps:
    - path: ./comp_ds_prj/models/model_catboost.py
      hash: md5
      md5: 7e736398b48572635ad8e389c47f0ef4
      size: 3556
    - path: ./data/processed/train.csv
      hash: md5
      md5: a8850d8461a0128833a8bb515c2639cf
      size: 352854
    outs:
    - path: ./models/catboost.joblib
      hash: md5
      md5: 62c1b07a1272a57f4389979f54a28b7f
      size: 895458
